{
  "name": "neocore",
  "version": "1.0.0",
  "lockfileVersion": 3,
  "requires": true,
  "packages": {
    "": {
      "name": "neocore",
      "version": "1.0.0",
      "license": "MIT",
      "engines": {
        "docker": ">=20.0.0",
        "node": ">=20.0.0",
        "npm": ">=10.0.0"
      }
    }
  }
}
